// !$*UTF8*$!
{
	archiveVersion = 1;
	classes = {
	};
	objectVersion = 46;
	objects = {

/* Begin PBXBuildFile section */
		E4075DD2178A342F009E4FD1 /* bkgd_whitebox_113h.png in Resources */ = {isa = PBXBuildFile; fileRef = E4075DD1178A342F009E4FD1 /* bkgd_whitebox_113h.png */; };
		E4075DD61791E244009E4FD1 /* UISlider_triangle.png in Resources */ = {isa = PBXBuildFile; fileRef = E4075DD51791E244009E4FD1 /* UISlider_triangle.png */; };
		E4075DF71791F869009E4FD1 /* Bill.png in Resources */ = {isa = PBXBuildFile; fileRef = E4075DED1791F869009E4FD1 /* Bill.png */; };
		E4075DF81791F869009E4FD1 /* Electric.png in Resources */ = {isa = PBXBuildFile; fileRef = E4075DEE1791F869009E4FD1 /* Electric.png */; };
		E4075DF91791F869009E4FD1 /* Event.png in Resources */ = {isa = PBXBuildFile; fileRef = E4075DEF1791F869009E4FD1 /* Event.png */; };
		E4075DFA1791F869009E4FD1 /* Grocery.png in Resources */ = {isa = PBXBuildFile; fileRef = E4075DF01791F869009E4FD1 /* Grocery.png */; };
		E4075DFB1791F869009E4FD1 /* Misc.png in Resources */ = {isa = PBXBuildFile; fileRef = E4075DF11791F869009E4FD1 /* Misc.png */; };
		E4075DFC1791F869009E4FD1 /* Movie.png in Resources */ = {isa = PBXBuildFile; fileRef = E4075DF21791F869009E4FD1 /* Movie.png */; };
		E4075DFD1791F869009E4FD1 /* Rent.png in Resources */ = {isa = PBXBuildFile; fileRef = E4075DF31791F869009E4FD1 /* Rent.png */; };
		E4075DFE1791F869009E4FD1 /* Restaurant.png in Resources */ = {isa = PBXBuildFile; fileRef = E4075DF41791F869009E4FD1 /* Restaurant.png */; };
		E4075DFF1791F869009E4FD1 /* TV.png in Resources */ = {isa = PBXBuildFile; fileRef = E4075DF51791F869009E4FD1 /* TV.png */; };
		E4075E001791F869009E4FD1 /* Water.png in Resources */ = {isa = PBXBuildFile; fileRef = E4075DF61791F869009E4FD1 /* Water.png */; };
		E4075E0317933F32009E4FD1 /* AddressBook.framework in Frameworks */ = {isa = PBXBuildFile; fileRef = E4075E0117933F32009E4FD1 /* AddressBook.framework */; };
		E4075E0417933F32009E4FD1 /* AddressBookUI.framework in Frameworks */ = {isa = PBXBuildFile; fileRef = E4075E0217933F32009E4FD1 /* AddressBookUI.framework */; };
		E420A1C217B18B5200910EC8 /* icon_arrowdown.png in Resources */ = {isa = PBXBuildFile; fileRef = E420A1BE17B18B5200910EC8 /* icon_arrowdown.png */; };
		E420A1C317B18B5200910EC8 /* icon_arrowdown@2x.png in Resources */ = {isa = PBXBuildFile; fileRef = E420A1BF17B18B5200910EC8 /* icon_arrowdown@2x.png */; };
		E420A1C417B18B5200910EC8 /* icon_arrowup.png in Resources */ = {isa = PBXBuildFile; fileRef = E420A1C017B18B5200910EC8 /* icon_arrowup.png */; };
		E420A1C517B18B5200910EC8 /* icon_arrowup@2x.png in Resources */ = {isa = PBXBuildFile; fileRef = E420A1C117B18B5200910EC8 /* icon_arrowup@2x.png */; };
		E420A1C817B18C2000910EC8 /* WhoPaysSegmentedControl.m in Sources */ = {isa = PBXBuildFile; fileRef = E420A1C717B18C2000910EC8 /* WhoPaysSegmentedControl.m */; };
		E4311BF4179AF8AF00C5F444 /* Icon@2x114x114.png in Resources */ = {isa = PBXBuildFile; fileRef = E4311BF3179AF8AF00C5F444 /* Icon@2x114x114.png */; };
		E4311BF6179AF8B600C5F444 /* Icon57x57.png in Resources */ = {isa = PBXBuildFile; fileRef = E4311BF5179AF8B600C5F444 /* Icon57x57.png */; };
		E4311C20179B04D400C5F444 /* bkgd_btn_Back_DarkBlue.png in Resources */ = {isa = PBXBuildFile; fileRef = E4311BF8179B04D400C5F444 /* bkgd_btn_Back_DarkBlue.png */; };
		E4311C21179B04D400C5F444 /* bkgd_btn_Back_DarkBlue@2x.png in Resources */ = {isa = PBXBuildFile; fileRef = E4311BF9179B04D400C5F444 /* bkgd_btn_Back_DarkBlue@2x.png */; };
		E4311C22179B04D400C5F444 /* bkgd_btn_nav_DarkBlue.png in Resources */ = {isa = PBXBuildFile; fileRef = E4311BFA179B04D400C5F444 /* bkgd_btn_nav_DarkBlue.png */; };
		E4311C23179B04D400C5F444 /* bkgd_btn_nav_DarkBlue@2x.png in Resources */ = {isa = PBXBuildFile; fileRef = E4311BFB179B04D400C5F444 /* bkgd_btn_nav_DarkBlue@2x.png */; };
		E4311C24179B04D400C5F444 /* bkgd_CategorySelector.png in Resources */ = {isa = PBXBuildFile; fileRef = E4311BFC179B04D400C5F444 /* bkgd_CategorySelector.png */; };
		E4311C25179B04D400C5F444 /* bkgd_CategorySelector@2x.png in Resources */ = {isa = PBXBuildFile; fileRef = E4311BFD179B04D400C5F444 /* bkgd_CategorySelector@2x.png */; };
		E4311C26179B04D400C5F444 /* bkgd_EventCard.png in Resources */ = {isa = PBXBuildFile; fileRef = E4311BFE179B04D400C5F444 /* bkgd_EventCard.png */; };
		E4311C27179B04D400C5F444 /* bkgd_EventCard@2x.png in Resources */ = {isa = PBXBuildFile; fileRef = E4311BFF179B04D400C5F444 /* bkgd_EventCard@2x.png */; };
		E4311C28179B04D400C5F444 /* bkgd_EventTotal.png in Resources */ = {isa = PBXBuildFile; fileRef = E4311C00179B04D400C5F444 /* bkgd_EventTotal.png */; };
		E4311C29179B04D400C5F444 /* bkgd_EventTotal@2x.png in Resources */ = {isa = PBXBuildFile; fileRef = E4311C01179B04D400C5F444 /* bkgd_EventTotal@2x.png */; };
		E4311C2A179B04D400C5F444 /* bkgd_NavBar.png in Resources */ = {isa = PBXBuildFile; fileRef = E4311C02179B04D400C5F444 /* bkgd_NavBar.png */; };
		E4311C2B179B04D400C5F444 /* bkgd_NavBar@2x.png in Resources */ = {isa = PBXBuildFile; fileRef = E4311C03179B04D400C5F444 /* bkgd_NavBar@2x.png */; };
		E4311C2C179B04D400C5F444 /* bkgd_PercentageSlider.png in Resources */ = {isa = PBXBuildFile; fileRef = E4311C04179B04D400C5F444 /* bkgd_PercentageSlider.png */; };
		E4311C2D179B04D400C5F444 /* bkgd_PercentageSlider@2x.png in Resources */ = {isa = PBXBuildFile; fileRef = E4311C05179B04D400C5F444 /* bkgd_PercentageSlider@2x.png */; };
		E4311C2E179B04D400C5F444 /* bkgd_screen.png in Resources */ = {isa = PBXBuildFile; fileRef = E4311C06179B04D400C5F444 /* bkgd_screen.png */; };
		E4311C2F179B04D400C5F444 /* bkgd_screen@2x.png in Resources */ = {isa = PBXBuildFile; fileRef = E4311C07179B04D400C5F444 /* bkgd_screen@2x.png */; };
		E4311C30179B04D400C5F444 /* bkgd_SearchBar.png in Resources */ = {isa = PBXBuildFile; fileRef = E4311C08179B04D400C5F444 /* bkgd_SearchBar.png */; };
		E4311C31179B04D400C5F444 /* bkgd_SearchBar@2x.png in Resources */ = {isa = PBXBuildFile; fileRef = E4311C09179B04D400C5F444 /* bkgd_SearchBar@2x.png */; };
		E4311C32179B04D400C5F444 /* bkgd_UserList.png in Resources */ = {isa = PBXBuildFile; fileRef = E4311C0A179B04D400C5F444 /* bkgd_UserList.png */; };
		E4311C33179B04D400C5F444 /* bkgd_UserList@2x.png in Resources */ = {isa = PBXBuildFile; fileRef = E4311C0B179B04D400C5F444 /* bkgd_UserList@2x.png */; };
		E4311C34179B04D400C5F444 /* bkgd_UserTotals_3up.png in Resources */ = {isa = PBXBuildFile; fileRef = E4311C0C179B04D400C5F444 /* bkgd_UserTotals_3up.png */; };
		E4311C35179B04D400C5F444 /* bkgd_UserTotals_3up@2x.png in Resources */ = {isa = PBXBuildFile; fileRef = E4311C0D179B04D400C5F444 /* bkgd_UserTotals_3up@2x.png */; };
		E4311C36179B04D400C5F444 /* bkgd_whitebox_113h.png in Resources */ = {isa = PBXBuildFile; fileRef = E4311C0E179B04D400C5F444 /* bkgd_whitebox_113h.png */; };
		E4311C37179B04D400C5F444 /* bkgd_whitebox_113h@2x.png in Resources */ = {isa = PBXBuildFile; fileRef = E4311C0F179B04D400C5F444 /* bkgd_whitebox_113h@2x.png */; };
		E4311C38179B04D400C5F444 /* btn_gray_left_normal.png in Resources */ = {isa = PBXBuildFile; fileRef = E4311C10179B04D400C5F444 /* btn_gray_left_normal.png */; };
		E4311C39179B04D400C5F444 /* btn_gray_left_normal@2x.png in Resources */ = {isa = PBXBuildFile; fileRef = E4311C11179B04D400C5F444 /* btn_gray_left_normal@2x.png */; };
		E4311C3A179B04D400C5F444 /* btn_gray_right_normal.png in Resources */ = {isa = PBXBuildFile; fileRef = E4311C12179B04D400C5F444 /* btn_gray_right_normal.png */; };
		E4311C3B179B04D400C5F444 /* btn_gray_right_normal@2x.png in Resources */ = {isa = PBXBuildFile; fileRef = E4311C13179B04D400C5F444 /* btn_gray_right_normal@2x.png */; };
		E4311C3C179B04D400C5F444 /* btn_green_left_normal.png in Resources */ = {isa = PBXBuildFile; fileRef = E4311C14179B04D400C5F444 /* btn_green_left_normal.png */; };
		E4311C3D179B04D400C5F444 /* btn_green_left_normal@2x.png in Resources */ = {isa = PBXBuildFile; fileRef = E4311C15179B04D400C5F444 /* btn_green_left_normal@2x.png */; };
		E4311C3E179B04D400C5F444 /* btn_PercentageSlider.png in Resources */ = {isa = PBXBuildFile; fileRef = E4311C16179B04D400C5F444 /* btn_PercentageSlider.png */; };
		E4311C3F179B04D400C5F444 /* btn_PercentageSlider@2x.png in Resources */ = {isa = PBXBuildFile; fileRef = E4311C17179B04D400C5F444 /* btn_PercentageSlider@2x.png */; };
		E4311C40179B04D400C5F444 /* btn_red_right_normal.png in Resources */ = {isa = PBXBuildFile; fileRef = E4311C18179B04D400C5F444 /* btn_red_right_normal.png */; };
		E4311C41179B04D400C5F444 /* btn_red_right_normal@2x.png in Resources */ = {isa = PBXBuildFile; fileRef = E4311C19179B04D400C5F444 /* btn_red_right_normal@2x.png */; };
		E4311C42179B04D400C5F444 /* Icon-Small.png in Resources */ = {isa = PBXBuildFile; fileRef = E4311C1A179B04D400C5F444 /* Icon-Small.png */; };
		E4311C43179B04D400C5F444 /* Icon-Small@2x.png in Resources */ = {isa = PBXBuildFile; fileRef = E4311C1B179B04D400C5F444 /* Icon-Small@2x.png */; };
		E4311C44179B04D400C5F444 /* Icon.png in Resources */ = {isa = PBXBuildFile; fileRef = E4311C1C179B04D400C5F444 /* Icon.png */; };
		E4311C45179B04D400C5F444 /* Icon57x57.png in Resources */ = {isa = PBXBuildFile; fileRef = E4311C1D179B04D400C5F444 /* Icon57x57.png */; };
		E4311C46179B04D400C5F444 /* Icon@2x.png in Resources */ = {isa = PBXBuildFile; fileRef = E4311C1E179B04D400C5F444 /* Icon@2x.png */; };
		E4311C47179B04D400C5F444 /* Icon@2x114x114.png in Resources */ = {isa = PBXBuildFile; fileRef = E4311C1F179B04D400C5F444 /* Icon@2x114x114.png */; };
		E467682B1716764E00B39690 /* PersonModel.m in Sources */ = {isa = PBXBuildFile; fileRef = E467682A1716764E00B39690 /* PersonModel.m */; };
		E499DAC8170645600050FC5E /* AddNewEventViewController.m in Sources */ = {isa = PBXBuildFile; fileRef = E499DAC7170645600050FC5E /* AddNewEventViewController.m */; };
		E49A922B1705350400E1409A /* UIKit.framework in Frameworks */ = {isa = PBXBuildFile; fileRef = E49A922A1705350400E1409A /* UIKit.framework */; };
		E49A922D1705350400E1409A /* Foundation.framework in Frameworks */ = {isa = PBXBuildFile; fileRef = E49A922C1705350400E1409A /* Foundation.framework */; };
		E49A922F1705350400E1409A /* CoreGraphics.framework in Frameworks */ = {isa = PBXBuildFile; fileRef = E49A922E1705350400E1409A /* CoreGraphics.framework */; };
		E49A92351705350400E1409A /* InfoPlist.strings in Resources */ = {isa = PBXBuildFile; fileRef = E49A92331705350400E1409A /* InfoPlist.strings */; };
		E49A92371705350400E1409A /* main.m in Sources */ = {isa = PBXBuildFile; fileRef = E49A92361705350400E1409A /* main.m */; };
		E49A923B1705350400E1409A /* AppDelegate.m in Sources */ = {isa = PBXBuildFile; fileRef = E49A923A1705350400E1409A /* AppDelegate.m */; };
		E49A923D1705350400E1409A /* Default.png in Resources */ = {isa = PBXBuildFile; fileRef = E49A923C1705350400E1409A /* Default.png */; };
		E49A923F1705350400E1409A /* Default@2x.png in Resources */ = {isa = PBXBuildFile; fileRef = E49A923E1705350400E1409A /* Default@2x.png */; };
		E49A92411705350400E1409A /* Default-568h@2x.png in Resources */ = {isa = PBXBuildFile; fileRef = E49A92401705350400E1409A /* Default-568h@2x.png */; };
		E49A92441705350400E1409A /* MainStoryboard_iPhone.storyboard in Resources */ = {isa = PBXBuildFile; fileRef = E49A92421705350400E1409A /* MainStoryboard_iPhone.storyboard */; };
		E49A92471705350400E1409A /* MainStoryboard_iPad.storyboard in Resources */ = {isa = PBXBuildFile; fileRef = E49A92451705350400E1409A /* MainStoryboard_iPad.storyboard */; };
		E49A924A1705350400E1409A /* MasterViewController.m in Sources */ = {isa = PBXBuildFile; fileRef = E49A92491705350400E1409A /* MasterViewController.m */; };
		E49A924D1705350400E1409A /* DetailViewController.m in Sources */ = {isa = PBXBuildFile; fileRef = E49A924C1705350400E1409A /* DetailViewController.m */; };
		E49A92551705350400E1409A /* SenTestingKit.framework in Frameworks */ = {isa = PBXBuildFile; fileRef = E49A92541705350400E1409A /* SenTestingKit.framework */; };
		E49A92561705350400E1409A /* UIKit.framework in Frameworks */ = {isa = PBXBuildFile; fileRef = E49A922A1705350400E1409A /* UIKit.framework */; };
		E49A92571705350400E1409A /* Foundation.framework in Frameworks */ = {isa = PBXBuildFile; fileRef = E49A922C1705350400E1409A /* Foundation.framework */; };
		E49A925F1705350400E1409A /* InfoPlist.strings in Resources */ = {isa = PBXBuildFile; fileRef = E49A925D1705350400E1409A /* InfoPlist.strings */; };
		E49A92621705350400E1409A /* iGotThisTests.m in Sources */ = {isa = PBXBuildFile; fileRef = E49A92611705350400E1409A /* iGotThisTests.m */; };
/* End PBXBuildFile section */

/* Begin PBXContainerItemProxy section */
		E49A92581705350400E1409A /* PBXContainerItemProxy */ = {
			isa = PBXContainerItemProxy;
			containerPortal = E49A921F1705350400E1409A /* Project object */;
			proxyType = 1;
			remoteGlobalIDString = E49A92261705350400E1409A;
			remoteInfo = iGotThis;
		};
/* End PBXContainerItemProxy section */

/* Begin PBXFileReference section */
		E4075DD1178A342F009E4FD1 /* bkgd_whitebox_113h.png */ = {isa = PBXFileReference; lastKnownFileType = image.png; path = bkgd_whitebox_113h.png; sourceTree = "<group>"; };
		E4075DD51791E244009E4FD1 /* UISlider_triangle.png */ = {isa = PBXFileReference; lastKnownFileType = image.png; path = UISlider_triangle.png; sourceTree = "<group>"; };
		E4075DED1791F869009E4FD1 /* Bill.png */ = {isa = PBXFileReference; lastKnownFileType = image.png; path = Bill.png; sourceTree = "<group>"; };
		E4075DEE1791F869009E4FD1 /* Electric.png */ = {isa = PBXFileReference; lastKnownFileType = image.png; path = Electric.png; sourceTree = "<group>"; };
		E4075DEF1791F869009E4FD1 /* Event.png */ = {isa = PBXFileReference; lastKnownFileType = image.png; path = Event.png; sourceTree = "<group>"; };
		E4075DF01791F869009E4FD1 /* Grocery.png */ = {isa = PBXFileReference; lastKnownFileType = image.png; path = Grocery.png; sourceTree = "<group>"; };
		E4075DF11791F869009E4FD1 /* Misc.png */ = {isa = PBXFileReference; lastKnownFileType = image.png; path = Misc.png; sourceTree = "<group>"; };
		E4075DF21791F869009E4FD1 /* Movie.png */ = {isa = PBXFileReference; lastKnownFileType = image.png; path = Movie.png; sourceTree = "<group>"; };
		E4075DF31791F869009E4FD1 /* Rent.png */ = {isa = PBXFileReference; lastKnownFileType = image.png; path = Rent.png; sourceTree = "<group>"; };
		E4075DF41791F869009E4FD1 /* Restaurant.png */ = {isa = PBXFileReference; lastKnownFileType = image.png; path = Restaurant.png; sourceTree = "<group>"; };
		E4075DF51791F869009E4FD1 /* TV.png */ = {isa = PBXFileReference; lastKnownFileType = image.png; path = TV.png; sourceTree = "<group>"; };
		E4075DF61791F869009E4FD1 /* Water.png */ = {isa = PBXFileReference; lastKnownFileType = image.png; path = Water.png; sourceTree = "<group>"; };
		E4075E0117933F32009E4FD1 /* AddressBook.framework */ = {isa = PBXFileReference; lastKnownFileType = wrapper.framework; name = AddressBook.framework; path = System/Library/Frameworks/AddressBook.framework; sourceTree = SDKROOT; };
		E4075E0217933F32009E4FD1 /* AddressBookUI.framework */ = {isa = PBXFileReference; lastKnownFileType = wrapper.framework; name = AddressBookUI.framework; path = System/Library/Frameworks/AddressBookUI.framework; sourceTree = SDKROOT; };
		E420A1BE17B18B5200910EC8 /* icon_arrowdown.png */ = {isa = PBXFileReference; lastKnownFileType = image.png; name = icon_arrowdown.png; path = ../icon_arrowdown.png; sourceTree = "<group>"; };
		E420A1BF17B18B5200910EC8 /* icon_arrowdown@2x.png */ = {isa = PBXFileReference; lastKnownFileType = image.png; name = "icon_arrowdown@2x.png"; path = "../icon_arrowdown@2x.png"; sourceTree = "<group>"; };
		E420A1C017B18B5200910EC8 /* icon_arrowup.png */ = {isa = PBXFileReference; lastKnownFileType = image.png; name = icon_arrowup.png; path = ../icon_arrowup.png; sourceTree = "<group>"; };
		E420A1C117B18B5200910EC8 /* icon_arrowup@2x.png */ = {isa = PBXFileReference; lastKnownFileType = image.png; name = "icon_arrowup@2x.png"; path = "../icon_arrowup@2x.png"; sourceTree = "<group>"; };
		E420A1C617B18C2000910EC8 /* WhoPaysSegmentedControl.h */ = {isa = PBXFileReference; fileEncoding = 4; lastKnownFileType = sourcecode.c.h; path = WhoPaysSegmentedControl.h; sourceTree = "<group>"; };
		E420A1C717B18C2000910EC8 /* WhoPaysSegmentedControl.m */ = {isa = PBXFileReference; fileEncoding = 4; lastKnownFileType = sourcecode.c.objc; path = WhoPaysSegmentedControl.m; sourceTree = "<group>"; };
		E4311BF3179AF8AF00C5F444 /* Icon@2x114x114.png */ = {isa = PBXFileReference; lastKnownFileType = image.png; name = "Icon@2x114x114.png"; path = "../Icon@2x114x114.png"; sourceTree = "<group>"; };
		E4311BF5179AF8B600C5F444 /* Icon57x57.png */ = {isa = PBXFileReference; lastKnownFileType = image.png; name = Icon57x57.png; path = ../Icon57x57.png; sourceTree = "<group>"; };
		E4311BF8179B04D400C5F444 /* bkgd_btn_Back_DarkBlue.png */ = {isa = PBXFileReference; lastKnownFileType = image.png; path = bkgd_btn_Back_DarkBlue.png; sourceTree = "<group>"; };
		E4311BF9179B04D400C5F444 /* bkgd_btn_Back_DarkBlue@2x.png */ = {isa = PBXFileReference; lastKnownFileType = image.png; path = "bkgd_btn_Back_DarkBlue@2x.png"; sourceTree = "<group>"; };
		E4311BFA179B04D400C5F444 /* bkgd_btn_nav_DarkBlue.png */ = {isa = PBXFileReference; lastKnownFileType = image.png; path = bkgd_btn_nav_DarkBlue.png; sourceTree = "<group>"; };
		E4311BFB179B04D400C5F444 /* bkgd_btn_nav_DarkBlue@2x.png */ = {isa = PBXFileReference; lastKnownFileType = image.png; path = "bkgd_btn_nav_DarkBlue@2x.png"; sourceTree = "<group>"; };
		E4311BFC179B04D400C5F444 /* bkgd_CategorySelector.png */ = {isa = PBXFileReference; lastKnownFileType = image.png; path = bkgd_CategorySelector.png; sourceTree = "<group>"; };
		E4311BFD179B04D400C5F444 /* bkgd_CategorySelector@2x.png */ = {isa = PBXFileReference; lastKnownFileType = image.png; path = "bkgd_CategorySelector@2x.png"; sourceTree = "<group>"; };
		E4311BFE179B04D400C5F444 /* bkgd_EventCard.png */ = {isa = PBXFileReference; lastKnownFileType = image.png; path = bkgd_EventCard.png; sourceTree = "<group>"; };
		E4311BFF179B04D400C5F444 /* bkgd_EventCard@2x.png */ = {isa = PBXFileReference; lastKnownFileType = image.png; path = "bkgd_EventCard@2x.png"; sourceTree = "<group>"; };
		E4311C00179B04D400C5F444 /* bkgd_EventTotal.png */ = {isa = PBXFileReference; lastKnownFileType = image.png; path = bkgd_EventTotal.png; sourceTree = "<group>"; };
		E4311C01179B04D400C5F444 /* bkgd_EventTotal@2x.png */ = {isa = PBXFileReference; lastKnownFileType = image.png; path = "bkgd_EventTotal@2x.png"; sourceTree = "<group>"; };
		E4311C02179B04D400C5F444 /* bkgd_NavBar.png */ = {isa = PBXFileReference; lastKnownFileType = image.png; path = bkgd_NavBar.png; sourceTree = "<group>"; };
		E4311C03179B04D400C5F444 /* bkgd_NavBar@2x.png */ = {isa = PBXFileReference; lastKnownFileType = image.png; path = "bkgd_NavBar@2x.png"; sourceTree = "<group>"; };
		E4311C04179B04D400C5F444 /* bkgd_PercentageSlider.png */ = {isa = PBXFileReference; lastKnownFileType = image.png; path = bkgd_PercentageSlider.png; sourceTree = "<group>"; };
		E4311C05179B04D400C5F444 /* bkgd_PercentageSlider@2x.png */ = {isa = PBXFileReference; lastKnownFileType = image.png; path = "bkgd_PercentageSlider@2x.png"; sourceTree = "<group>"; };
		E4311C06179B04D400C5F444 /* bkgd_screen.png */ = {isa = PBXFileReference; lastKnownFileType = image.png; path = bkgd_screen.png; sourceTree = "<group>"; };
		E4311C07179B04D400C5F444 /* bkgd_screen@2x.png */ = {isa = PBXFileReference; lastKnownFileType = image.png; path = "bkgd_screen@2x.png"; sourceTree = "<group>"; };
		E4311C08179B04D400C5F444 /* bkgd_SearchBar.png */ = {isa = PBXFileReference; lastKnownFileType = image.png; path = bkgd_SearchBar.png; sourceTree = "<group>"; };
		E4311C09179B04D400C5F444 /* bkgd_SearchBar@2x.png */ = {isa = PBXFileReference; lastKnownFileType = image.png; path = "bkgd_SearchBar@2x.png"; sourceTree = "<group>"; };
		E4311C0A179B04D400C5F444 /* bkgd_UserList.png */ = {isa = PBXFileReference; lastKnownFileType = image.png; path = bkgd_UserList.png; sourceTree = "<group>"; };
		E4311C0B179B04D400C5F444 /* bkgd_UserList@2x.png */ = {isa = PBXFileReference; lastKnownFileType = image.png; path = "bkgd_UserList@2x.png"; sourceTree = "<group>"; };
		E4311C0C179B04D400C5F444 /* bkgd_UserTotals_3up.png */ = {isa = PBXFileReference; lastKnownFileType = image.png; path = bkgd_UserTotals_3up.png; sourceTree = "<group>"; };
		E4311C0D179B04D400C5F444 /* bkgd_UserTotals_3up@2x.png */ = {isa = PBXFileReference; lastKnownFileType = image.png; path = "bkgd_UserTotals_3up@2x.png"; sourceTree = "<group>"; };
		E4311C0E179B04D400C5F444 /* bkgd_whitebox_113h.png */ = {isa = PBXFileReference; lastKnownFileType = image.png; path = bkgd_whitebox_113h.png; sourceTree = "<group>"; };
		E4311C0F179B04D400C5F444 /* bkgd_whitebox_113h@2x.png */ = {isa = PBXFileReference; lastKnownFileType = image.png; path = "bkgd_whitebox_113h@2x.png"; sourceTree = "<group>"; };
		E4311C10179B04D400C5F444 /* btn_gray_left_normal.png */ = {isa = PBXFileReference; lastKnownFileType = image.png; path = btn_gray_left_normal.png; sourceTree = "<group>"; };
		E4311C11179B04D400C5F444 /* btn_gray_left_normal@2x.png */ = {isa = PBXFileReference; lastKnownFileType = image.png; path = "btn_gray_left_normal@2x.png"; sourceTree = "<group>"; };
		E4311C12179B04D400C5F444 /* btn_gray_right_normal.png */ = {isa = PBXFileReference; lastKnownFileType = image.png; path = btn_gray_right_normal.png; sourceTree = "<group>"; };
		E4311C13179B04D400C5F444 /* btn_gray_right_normal@2x.png */ = {isa = PBXFileReference; lastKnownFileType = image.png; path = "btn_gray_right_normal@2x.png"; sourceTree = "<group>"; };
		E4311C14179B04D400C5F444 /* btn_green_left_normal.png */ = {isa = PBXFileReference; lastKnownFileType = image.png; path = btn_green_left_normal.png; sourceTree = "<group>"; };
		E4311C15179B04D400C5F444 /* btn_green_left_normal@2x.png */ = {isa = PBXFileReference; lastKnownFileType = image.png; path = "btn_green_left_normal@2x.png"; sourceTree = "<group>"; };
		E4311C16179B04D400C5F444 /* btn_PercentageSlider.png */ = {isa = PBXFileReference; lastKnownFileType = image.png; path = btn_PercentageSlider.png; sourceTree = "<group>"; };
		E4311C17179B04D400C5F444 /* btn_PercentageSlider@2x.png */ = {isa = PBXFileReference; lastKnownFileType = image.png; path = "btn_PercentageSlider@2x.png"; sourceTree = "<group>"; };
		E4311C18179B04D400C5F444 /* btn_red_right_normal.png */ = {isa = PBXFileReference; lastKnownFileType = image.png; path = btn_red_right_normal.png; sourceTree = "<group>"; };
		E4311C19179B04D400C5F444 /* btn_red_right_normal@2x.png */ = {isa = PBXFileReference; lastKnownFileType = image.png; path = "btn_red_right_normal@2x.png"; sourceTree = "<group>"; };
		E4311C1A179B04D400C5F444 /* Icon-Small.png */ = {isa = PBXFileReference; lastKnownFileType = image.png; path = "Icon-Small.png"; sourceTree = "<group>"; };
		E4311C1B179B04D400C5F444 /* Icon-Small@2x.png */ = {isa = PBXFileReference; lastKnownFileType = image.png; path = "Icon-Small@2x.png"; sourceTree = "<group>"; };
		E4311C1C179B04D400C5F444 /* Icon.png */ = {isa = PBXFileReference; lastKnownFileType = image.png; path = Icon.png; sourceTree = "<group>"; };
		E4311C1D179B04D400C5F444 /* Icon57x57.png */ = {isa = PBXFileReference; lastKnownFileType = image.png; path = Icon57x57.png; sourceTree = "<group>"; };
		E4311C1E179B04D400C5F444 /* Icon@2x.png */ = {isa = PBXFileReference; lastKnownFileType = image.png; path = "Icon@2x.png"; sourceTree = "<group>"; };
		E4311C1F179B04D400C5F444 /* Icon@2x114x114.png */ = {isa = PBXFileReference; lastKnownFileType = image.png; path = "Icon@2x114x114.png"; sourceTree = "<group>"; };
		E46768291716764E00B39690 /* PersonModel.h */ = {isa = PBXFileReference; fileEncoding = 4; lastKnownFileType = sourcecode.c.h; path = PersonModel.h; sourceTree = "<group>"; };
		E467682A1716764E00B39690 /* PersonModel.m */ = {isa = PBXFileReference; fileEncoding = 4; lastKnownFileType = sourcecode.c.objc; path = PersonModel.m; sourceTree = "<group>"; };
		E499DAC6170645600050FC5E /* AddNewEventViewController.h */ = {isa = PBXFileReference; fileEncoding = 4; lastKnownFileType = sourcecode.c.h; path = AddNewEventViewController.h; sourceTree = "<group>"; };
		E499DAC7170645600050FC5E /* AddNewEventViewController.m */ = {isa = PBXFileReference; fileEncoding = 4; lastKnownFileType = sourcecode.c.objc; path = AddNewEventViewController.m; sourceTree = "<group>"; };
		E49A92271705350400E1409A /* Fission.app */ = {isa = PBXFileReference; explicitFileType = wrapper.application; includeInIndex = 0; path = Fission.app; sourceTree = BUILT_PRODUCTS_DIR; };
		E49A922A1705350400E1409A /* UIKit.framework */ = {isa = PBXFileReference; lastKnownFileType = wrapper.framework; name = UIKit.framework; path = System/Library/Frameworks/UIKit.framework; sourceTree = SDKROOT; };
		E49A922C1705350400E1409A /* Foundation.framework */ = {isa = PBXFileReference; lastKnownFileType = wrapper.framework; name = Foundation.framework; path = System/Library/Frameworks/Foundation.framework; sourceTree = SDKROOT; };
		E49A922E1705350400E1409A /* CoreGraphics.framework */ = {isa = PBXFileReference; lastKnownFileType = wrapper.framework; name = CoreGraphics.framework; path = System/Library/Frameworks/CoreGraphics.framework; sourceTree = SDKROOT; };
		E49A92321705350400E1409A /* Fission-Info.plist */ = {isa = PBXFileReference; lastKnownFileType = text.plist.xml; path = "Fission-Info.plist"; sourceTree = "<group>"; };
		E49A92341705350400E1409A /* en */ = {isa = PBXFileReference; lastKnownFileType = text.plist.strings; name = en; path = en.lproj/InfoPlist.strings; sourceTree = "<group>"; };
		E49A92361705350400E1409A /* main.m */ = {isa = PBXFileReference; lastKnownFileType = sourcecode.c.objc; path = main.m; sourceTree = "<group>"; };
		E49A92381705350400E1409A /* Fission-Prefix.pch */ = {isa = PBXFileReference; lastKnownFileType = sourcecode.c.h; path = "Fission-Prefix.pch"; sourceTree = "<group>"; };
		E49A92391705350400E1409A /* AppDelegate.h */ = {isa = PBXFileReference; lastKnownFileType = sourcecode.c.h; path = AppDelegate.h; sourceTree = "<group>"; };
		E49A923A1705350400E1409A /* AppDelegate.m */ = {isa = PBXFileReference; lastKnownFileType = sourcecode.c.objc; path = AppDelegate.m; sourceTree = "<group>"; };
		E49A923C1705350400E1409A /* Default.png */ = {isa = PBXFileReference; lastKnownFileType = image.png; path = Default.png; sourceTree = "<group>"; };
		E49A923E1705350400E1409A /* Default@2x.png */ = {isa = PBXFileReference; lastKnownFileType = image.png; path = "Default@2x.png"; sourceTree = "<group>"; };
		E49A92401705350400E1409A /* Default-568h@2x.png */ = {isa = PBXFileReference; lastKnownFileType = image.png; path = "Default-568h@2x.png"; sourceTree = "<group>"; };
		E49A92431705350400E1409A /* en */ = {isa = PBXFileReference; lastKnownFileType = file.storyboard; name = en; path = en.lproj/MainStoryboard_iPhone.storyboard; sourceTree = "<group>"; };
		E49A92461705350400E1409A /* en */ = {isa = PBXFileReference; lastKnownFileType = file.storyboard; name = en; path = en.lproj/MainStoryboard_iPad.storyboard; sourceTree = "<group>"; };
		E49A92481705350400E1409A /* MasterViewController.h */ = {isa = PBXFileReference; lastKnownFileType = sourcecode.c.h; path = MasterViewController.h; sourceTree = "<group>"; };
		E49A92491705350400E1409A /* MasterViewController.m */ = {isa = PBXFileReference; lastKnownFileType = sourcecode.c.objc; path = MasterViewController.m; sourceTree = "<group>"; };
		E49A924B1705350400E1409A /* DetailViewController.h */ = {isa = PBXFileReference; lastKnownFileType = sourcecode.c.h; path = DetailViewController.h; sourceTree = "<group>"; };
		E49A924C1705350400E1409A /* DetailViewController.m */ = {isa = PBXFileReference; lastKnownFileType = sourcecode.c.objc; path = DetailViewController.m; sourceTree = "<group>"; };
		E49A92531705350400E1409A /* FissionTests.octest */ = {isa = PBXFileReference; explicitFileType = wrapper.cfbundle; includeInIndex = 0; path = FissionTests.octest; sourceTree = BUILT_PRODUCTS_DIR; };
		E49A92541705350400E1409A /* SenTestingKit.framework */ = {isa = PBXFileReference; lastKnownFileType = wrapper.framework; name = SenTestingKit.framework; path = Library/Frameworks/SenTestingKit.framework; sourceTree = DEVELOPER_DIR; };
		E49A925C1705350400E1409A /* FissionTests-Info.plist */ = {isa = PBXFileReference; lastKnownFileType = text.plist.xml; path = "FissionTests-Info.plist"; sourceTree = "<group>"; };
		E49A925E1705350400E1409A /* en */ = {isa = PBXFileReference; lastKnownFileType = text.plist.strings; name = en; path = en.lproj/InfoPlist.strings; sourceTree = "<group>"; };
		E49A92601705350400E1409A /* iGotThisTests.h */ = {isa = PBXFileReference; lastKnownFileType = sourcecode.c.h; path = iGotThisTests.h; sourceTree = "<group>"; };
		E49A92611705350400E1409A /* iGotThisTests.m */ = {isa = PBXFileReference; lastKnownFileType = sourcecode.c.objc; path = iGotThisTests.m; sourceTree = "<group>"; };
/* End PBXFileReference section */

/* Begin PBXFrameworksBuildPhase section */
		E49A92241705350400E1409A /* Frameworks */ = {
			isa = PBXFrameworksBuildPhase;
			buildActionMask = 2147483647;
			files = (
				E4075E0317933F32009E4FD1 /* AddressBook.framework in Frameworks */,
				E4075E0417933F32009E4FD1 /* AddressBookUI.framework in Frameworks */,
				E49A922B1705350400E1409A /* UIKit.framework in Frameworks */,
				E49A922D1705350400E1409A /* Foundation.framework in Frameworks */,
				E49A922F1705350400E1409A /* CoreGraphics.framework in Frameworks */,
			);
			runOnlyForDeploymentPostprocessing = 0;
		};
		E49A924F1705350400E1409A /* Frameworks */ = {
			isa = PBXFrameworksBuildPhase;
			buildActionMask = 2147483647;
			files = (
				E49A92551705350400E1409A /* SenTestingKit.framework in Frameworks */,
				E49A92561705350400E1409A /* UIKit.framework in Frameworks */,
				E49A92571705350400E1409A /* Foundation.framework in Frameworks */,
			);
			runOnlyForDeploymentPostprocessing = 0;
		};
/* End PBXFrameworksBuildPhase section */

/* Begin PBXGroup section */
		E4075DEC1791F869009E4FD1 /* CategoryIcons 144px */ = {
			isa = PBXGroup;
			children = (
				E4075DED1791F869009E4FD1 /* Bill.png */,
				E4075DEE1791F869009E4FD1 /* Electric.png */,
				E4075DEF1791F869009E4FD1 /* Event.png */,
				E4075DF01791F869009E4FD1 /* Grocery.png */,
				E4075DF11791F869009E4FD1 /* Misc.png */,
				E4075DF21791F869009E4FD1 /* Movie.png */,
				E4075DF31791F869009E4FD1 /* Rent.png */,
				E4075DF41791F869009E4FD1 /* Restaurant.png */,
				E4075DF51791F869009E4FD1 /* TV.png */,
				E4075DF61791F869009E4FD1 /* Water.png */,
			);
			path = "CategoryIcons 144px";
			sourceTree = "<group>";
		};
		E4311BF7179B04D400C5F444 /* Fission App Assets */ = {
			isa = PBXGroup;
			children = (
				E420A1BE17B18B5200910EC8 /* icon_arrowdown.png */,
				E420A1BF17B18B5200910EC8 /* icon_arrowdown@2x.png */,
				E420A1C017B18B5200910EC8 /* icon_arrowup.png */,
				E420A1C117B18B5200910EC8 /* icon_arrowup@2x.png */,
				E4311BF8179B04D400C5F444 /* bkgd_btn_Back_DarkBlue.png */,
				E4311BF9179B04D400C5F444 /* bkgd_btn_Back_DarkBlue@2x.png */,
				E4311BFA179B04D400C5F444 /* bkgd_btn_nav_DarkBlue.png */,
				E4311BFB179B04D400C5F444 /* bkgd_btn_nav_DarkBlue@2x.png */,
				E4311BFC179B04D400C5F444 /* bkgd_CategorySelector.png */,
				E4311BFD179B04D400C5F444 /* bkgd_CategorySelector@2x.png */,
				E4311BFE179B04D400C5F444 /* bkgd_EventCard.png */,
				E4311BFF179B04D400C5F444 /* bkgd_EventCard@2x.png */,
				E4311C00179B04D400C5F444 /* bkgd_EventTotal.png */,
				E4311C01179B04D400C5F444 /* bkgd_EventTotal@2x.png */,
				E4311C02179B04D400C5F444 /* bkgd_NavBar.png */,
				E4311C03179B04D400C5F444 /* bkgd_NavBar@2x.png */,
				E4311C04179B04D400C5F444 /* bkgd_PercentageSlider.png */,
				E4311C05179B04D400C5F444 /* bkgd_PercentageSlider@2x.png */,
				E4311C06179B04D400C5F444 /* bkgd_screen.png */,
				E4311C07179B04D400C5F444 /* bkgd_screen@2x.png */,
				E4311C08179B04D400C5F444 /* bkgd_SearchBar.png */,
				E4311C09179B04D400C5F444 /* bkgd_SearchBar@2x.png */,
				E4311C0A179B04D400C5F444 /* bkgd_UserList.png */,
				E4311C0B179B04D400C5F444 /* bkgd_UserList@2x.png */,
				E4311C0C179B04D400C5F444 /* bkgd_UserTotals_3up.png */,
				E4311C0D179B04D400C5F444 /* bkgd_UserTotals_3up@2x.png */,
				E4311C0E179B04D400C5F444 /* bkgd_whitebox_113h.png */,
				E4311C0F179B04D400C5F444 /* bkgd_whitebox_113h@2x.png */,
				E4311C10179B04D400C5F444 /* btn_gray_left_normal.png */,
				E4311C11179B04D400C5F444 /* btn_gray_left_normal@2x.png */,
				E4311C12179B04D400C5F444 /* btn_gray_right_normal.png */,
				E4311C13179B04D400C5F444 /* btn_gray_right_normal@2x.png */,
				E4311C14179B04D400C5F444 /* btn_green_left_normal.png */,
				E4311C15179B04D400C5F444 /* btn_green_left_normal@2x.png */,
				E4311C16179B04D400C5F444 /* btn_PercentageSlider.png */,
				E4311C17179B04D400C5F444 /* btn_PercentageSlider@2x.png */,
				E4311C18179B04D400C5F444 /* btn_red_right_normal.png */,
				E4311C19179B04D400C5F444 /* btn_red_right_normal@2x.png */,
				E4311C1A179B04D400C5F444 /* Icon-Small.png */,
				E4311C1B179B04D400C5F444 /* Icon-Small@2x.png */,
				E4311C1C179B04D400C5F444 /* Icon.png */,
				E4311C1D179B04D400C5F444 /* Icon57x57.png */,
				E4311C1E179B04D400C5F444 /* Icon@2x.png */,
				E4311C1F179B04D400C5F444 /* Icon@2x114x114.png */,
			);
			path = "Fission App Assets";
			sourceTree = "<group>";
		};
		E49A921E1705350400E1409A = {
			isa = PBXGroup;
			children = (
				E49A92301705350400E1409A /* Fission */,
				E49A925A1705350400E1409A /* FissionTests */,
				E49A92291705350400E1409A /* Frameworks */,
				E49A92281705350400E1409A /* Products */,
			);
			sourceTree = "<group>";
		};
		E49A92281705350400E1409A /* Products */ = {
			isa = PBXGroup;
			children = (
				E49A92271705350400E1409A /* Fission.app */,
				E49A92531705350400E1409A /* FissionTests.octest */,
			);
			name = Products;
			sourceTree = "<group>";
		};
		E49A92291705350400E1409A /* Frameworks */ = {
			isa = PBXGroup;
			children = (
				E4075E0117933F32009E4FD1 /* AddressBook.framework */,
				E4075E0217933F32009E4FD1 /* AddressBookUI.framework */,
				E49A922A1705350400E1409A /* UIKit.framework */,
				E49A922C1705350400E1409A /* Foundation.framework */,
				E49A922E1705350400E1409A /* CoreGraphics.framework */,
				E49A92541705350400E1409A /* SenTestingKit.framework */,
			);
			name = Frameworks;
			sourceTree = "<group>";
		};
		E49A92301705350400E1409A /* Fission */ = {
			isa = PBXGroup;
			children = (
				E49A92421705350400E1409A /* MainStoryboard_iPhone.storyboard */,
				E49A92481705350400E1409A /* MasterViewController.h */,
				E49A92491705350400E1409A /* MasterViewController.m */,
				E499DAC6170645600050FC5E /* AddNewEventViewController.h */,
				E499DAC7170645600050FC5E /* AddNewEventViewController.m */,
				E49A924B1705350400E1409A /* DetailViewController.h */,
				E49A924C1705350400E1409A /* DetailViewController.m */,
				E46768291716764E00B39690 /* PersonModel.h */,
				E467682A1716764E00B39690 /* PersonModel.m */,
				E420A1C617B18C2000910EC8 /* WhoPaysSegmentedControl.h */,
				E420A1C717B18C2000910EC8 /* WhoPaysSegmentedControl.m */,
				E49A92311705350400E1409A /* Supporting Files */,
			);
			name = Fission;
			path = iGotThis;
			sourceTree = "<group>";
		};
		E49A92311705350400E1409A /* Supporting Files */ = {
			isa = PBXGroup;
			children = (
				E4311BF7179B04D400C5F444 /* Fission App Assets */,
				E4075DEC1791F869009E4FD1 /* CategoryIcons 144px */,
				E4311BF5179AF8B600C5F444 /* Icon57x57.png */,
				E4311BF3179AF8AF00C5F444 /* Icon@2x114x114.png */,
				E4075DD1178A342F009E4FD1 /* bkgd_whitebox_113h.png */,
				E4075DD51791E244009E4FD1 /* UISlider_triangle.png */,
				E49A92451705350400E1409A /* MainStoryboard_iPad.storyboard */,
				E49A92391705350400E1409A /* AppDelegate.h */,
				E49A923A1705350400E1409A /* AppDelegate.m */,
				E49A92321705350400E1409A /* Fission-Info.plist */,
				E49A92331705350400E1409A /* InfoPlist.strings */,
				E49A92361705350400E1409A /* main.m */,
				E49A92381705350400E1409A /* Fission-Prefix.pch */,
				E49A923C1705350400E1409A /* Default.png */,
				E49A923E1705350400E1409A /* Default@2x.png */,
				E49A92401705350400E1409A /* Default-568h@2x.png */,
			);
			name = "Supporting Files";
			sourceTree = "<group>";
		};
		E49A925A1705350400E1409A /* FissionTests */ = {
			isa = PBXGroup;
			children = (
				E49A92601705350400E1409A /* iGotThisTests.h */,
				E49A92611705350400E1409A /* iGotThisTests.m */,
				E49A925B1705350400E1409A /* Supporting Files */,
			);
			name = FissionTests;
			path = iGotThisTests;
			sourceTree = "<group>";
		};
		E49A925B1705350400E1409A /* Supporting Files */ = {
			isa = PBXGroup;
			children = (
				E49A925C1705350400E1409A /* FissionTests-Info.plist */,
				E49A925D1705350400E1409A /* InfoPlist.strings */,
			);
			name = "Supporting Files";
			sourceTree = "<group>";
		};
/* End PBXGroup section */

/* Begin PBXNativeTarget section */
		E49A92261705350400E1409A /* Fission */ = {
			isa = PBXNativeTarget;
			buildConfigurationList = E49A92651705350400E1409A /* Build configuration list for PBXNativeTarget "Fission" */;
			buildPhases = (
				E49A92231705350400E1409A /* Sources */,
				E49A92241705350400E1409A /* Frameworks */,
				E49A92251705350400E1409A /* Resources */,
			);
			buildRules = (
			);
			dependencies = (
			);
			name = Fission;
			productName = iGotThis;
			productReference = E49A92271705350400E1409A /* Fission.app */;
			productType = "com.apple.product-type.application";
		};
		E49A92521705350400E1409A /* FissionTests */ = {
			isa = PBXNativeTarget;
			buildConfigurationList = E49A92681705350400E1409A /* Build configuration list for PBXNativeTarget "FissionTests" */;
			buildPhases = (
				E49A924E1705350400E1409A /* Sources */,
				E49A924F1705350400E1409A /* Frameworks */,
				E49A92501705350400E1409A /* Resources */,
				E49A92511705350400E1409A /* ShellScript */,
			);
			buildRules = (
			);
			dependencies = (
				E49A92591705350400E1409A /* PBXTargetDependency */,
			);
			name = FissionTests;
			productName = iGotThisTests;
			productReference = E49A92531705350400E1409A /* FissionTests.octest */;
			productType = "com.apple.product-type.bundle";
		};
/* End PBXNativeTarget section */

/* Begin PBXProject section */
		E49A921F1705350400E1409A /* Project object */ = {
			isa = PBXProject;
			attributes = {
				LastUpgradeCheck = 0460;
				ORGANIZATIONNAME = Trinary;
			};
			buildConfigurationList = E49A92221705350400E1409A /* Build configuration list for PBXProject "Fission" */;
			compatibilityVersion = "Xcode 3.2";
			developmentRegion = English;
			hasScannedForEncodings = 0;
			knownRegions = (
				en,
			);
			mainGroup = E49A921E1705350400E1409A;
			productRefGroup = E49A92281705350400E1409A /* Products */;
			projectDirPath = "";
			projectRoot = "";
			targets = (
				E49A92261705350400E1409A /* Fission */,
				E49A92521705350400E1409A /* FissionTests */,
			);
		};
/* End PBXProject section */

/* Begin PBXResourcesBuildPhase section */
		E49A92251705350400E1409A /* Resources */ = {
			isa = PBXResourcesBuildPhase;
			buildActionMask = 2147483647;
			files = (
				E49A92351705350400E1409A /* InfoPlist.strings in Resources */,
				E49A923D1705350400E1409A /* Default.png in Resources */,
				E49A923F1705350400E1409A /* Default@2x.png in Resources */,
				E49A92411705350400E1409A /* Default-568h@2x.png in Resources */,
				E49A92441705350400E1409A /* MainStoryboard_iPhone.storyboard in Resources */,
				E49A92471705350400E1409A /* MainStoryboard_iPad.storyboard in Resources */,
				E4075DD2178A342F009E4FD1 /* bkgd_whitebox_113h.png in Resources */,
				E4075DD61791E244009E4FD1 /* UISlider_triangle.png in Resources */,
				E4075DF71791F869009E4FD1 /* Bill.png in Resources */,
				E4075DF81791F869009E4FD1 /* Electric.png in Resources */,
				E4075DF91791F869009E4FD1 /* Event.png in Resources */,
				E4075DFA1791F869009E4FD1 /* Grocery.png in Resources */,
				E4075DFB1791F869009E4FD1 /* Misc.png in Resources */,
				E4075DFC1791F869009E4FD1 /* Movie.png in Resources */,
				E4075DFD1791F869009E4FD1 /* Rent.png in Resources */,
				E4075DFE1791F869009E4FD1 /* Restaurant.png in Resources */,
				E4075DFF1791F869009E4FD1 /* TV.png in Resources */,
				E4075E001791F869009E4FD1 /* Water.png in Resources */,
				E4311BF4179AF8AF00C5F444 /* Icon@2x114x114.png in Resources */,
				E4311BF6179AF8B600C5F444 /* Icon57x57.png in Resources */,
				E4311C20179B04D400C5F444 /* bkgd_btn_Back_DarkBlue.png in Resources */,
				E4311C21179B04D400C5F444 /* bkgd_btn_Back_DarkBlue@2x.png in Resources */,
				E4311C22179B04D400C5F444 /* bkgd_btn_nav_DarkBlue.png in Resources */,
				E4311C23179B04D400C5F444 /* bkgd_btn_nav_DarkBlue@2x.png in Resources */,
				E4311C24179B04D400C5F444 /* bkgd_CategorySelector.png in Resources */,
				E4311C25179B04D400C5F444 /* bkgd_CategorySelector@2x.png in Resources */,
				E4311C26179B04D400C5F444 /* bkgd_EventCard.png in Resources */,
				E4311C27179B04D400C5F444 /* bkgd_EventCard@2x.png in Resources */,
				E4311C28179B04D400C5F444 /* bkgd_EventTotal.png in Resources */,
				E4311C29179B04D400C5F444 /* bkgd_EventTotal@2x.png in Resources */,
				E4311C2A179B04D400C5F444 /* bkgd_NavBar.png in Resources */,
				E4311C2B179B04D400C5F444 /* bkgd_NavBar@2x.png in Resources */,
				E4311C2C179B04D400C5F444 /* bkgd_PercentageSlider.png in Resources */,
				E4311C2D179B04D400C5F444 /* bkgd_PercentageSlider@2x.png in Resources */,
				E4311C2E179B04D400C5F444 /* bkgd_screen.png in Resources */,
				E4311C2F179B04D400C5F444 /* bkgd_screen@2x.png in Resources */,
				E4311C30179B04D400C5F444 /* bkgd_SearchBar.png in Resources */,
				E4311C31179B04D400C5F444 /* bkgd_SearchBar@2x.png in Resources */,
				E4311C32179B04D400C5F444 /* bkgd_UserList.png in Resources */,
				E4311C33179B04D400C5F444 /* bkgd_UserList@2x.png in Resources */,
				E4311C34179B04D400C5F444 /* bkgd_UserTotals_3up.png in Resources */,
				E4311C35179B04D400C5F444 /* bkgd_UserTotals_3up@2x.png in Resources */,
				E4311C36179B04D400C5F444 /* bkgd_whitebox_113h.png in Resources */,
				E4311C37179B04D400C5F444 /* bkgd_whitebox_113h@2x.png in Resources */,
				E4311C38179B04D400C5F444 /* btn_gray_left_normal.png in Resources */,
				E4311C39179B04D400C5F444 /* btn_gray_left_normal@2x.png in Resources */,
				E4311C3A179B04D400C5F444 /* btn_gray_right_normal.png in Resources */,
				E4311C3B179B04D400C5F444 /* btn_gray_right_normal@2x.png in Resources */,
				E4311C3C179B04D400C5F444 /* btn_green_left_normal.png in Resources */,
				E4311C3D179B04D400C5F444 /* btn_green_left_normal@2x.png in Resources */,
				E4311C3E179B04D400C5F444 /* btn_PercentageSlider.png in Resources */,
				E4311C3F179B04D400C5F444 /* btn_PercentageSlider@2x.png in Resources */,
				E4311C40179B04D400C5F444 /* btn_red_right_normal.png in Resources */,
				E4311C41179B04D400C5F444 /* btn_red_right_normal@2x.png in Resources */,
				E4311C42179B04D400C5F444 /* Icon-Small.png in Resources */,
				E4311C43179B04D400C5F444 /* Icon-Small@2x.png in Resources */,
				E4311C44179B04D400C5F444 /* Icon.png in Resources */,
				E4311C45179B04D400C5F444 /* Icon57x57.png in Resources */,
				E4311C46179B04D400C5F444 /* Icon@2x.png in Resources */,
				E4311C47179B04D400C5F444 /* Icon@2x114x114.png in Resources */,
				E420A1C217B18B5200910EC8 /* icon_arrowdown.png in Resources */,
				E420A1C317B18B5200910EC8 /* icon_arrowdown@2x.png in Resources */,
				E420A1C417B18B5200910EC8 /* icon_arrowup.png in Resources */,
				E420A1C517B18B5200910EC8 /* icon_arrowup@2x.png in Resources */,
			);
			runOnlyForDeploymentPostprocessing = 0;
		};
		E49A92501705350400E1409A /* Resources */ = {
			isa = PBXResourcesBuildPhase;
			buildActionMask = 2147483647;
			files = (
				E49A925F1705350400E1409A /* InfoPlist.strings in Resources */,
			);
			runOnlyForDeploymentPostprocessing = 0;
		};
/* End PBXResourcesBuildPhase section */

/* Begin PBXShellScriptBuildPhase section */
		E49A92511705350400E1409A /* ShellScript */ = {
			isa = PBXShellScriptBuildPhase;
			buildActionMask = 2147483647;
			files = (
			);
			inputPaths = (
			);
			outputPaths = (
			);
			runOnlyForDeploymentPostprocessing = 0;
			shellPath = /bin/sh;
			shellScript = "# Run the unit tests in this test bundle.\n\"${SYSTEM_DEVELOPER_DIR}/Tools/RunUnitTests\"\n";
		};
/* End PBXShellScriptBuildPhase section */

/* Begin PBXSourcesBuildPhase section */
		E49A92231705350400E1409A /* Sources */ = {
			isa = PBXSourcesBuildPhase;
			buildActionMask = 2147483647;
			files = (
				E49A92371705350400E1409A /* main.m in Sources */,
				E49A923B1705350400E1409A /* AppDelegate.m in Sources */,
				E49A924A1705350400E1409A /* MasterViewController.m in Sources */,
				E49A924D1705350400E1409A /* DetailViewController.m in Sources */,
				E499DAC8170645600050FC5E /* AddNewEventViewController.m in Sources */,
				E467682B1716764E00B39690 /* PersonModel.m in Sources */,
				E420A1C817B18C2000910EC8 /* WhoPaysSegmentedControl.m in Sources */,
			);
			runOnlyForDeploymentPostprocessing = 0;
		};
		E49A924E1705350400E1409A /* Sources */ = {
			isa = PBXSourcesBuildPhase;
			buildActionMask = 2147483647;
			files = (
				E49A92621705350400E1409A /* iGotThisTests.m in Sources */,
			);
			runOnlyForDeploymentPostprocessing = 0;
		};
/* End PBXSourcesBuildPhase section */

/* Begin PBXTargetDependency section */
		E49A92591705350400E1409A /* PBXTargetDependency */ = {
			isa = PBXTargetDependency;
			target = E49A92261705350400E1409A /* Fission */;
			targetProxy = E49A92581705350400E1409A /* PBXContainerItemProxy */;
		};
/* End PBXTargetDependency section */

/* Begin PBXVariantGroup section */
		E49A92331705350400E1409A /* InfoPlist.strings */ = {
			isa = PBXVariantGroup;
			children = (
				E49A92341705350400E1409A /* en */,
			);
			name = InfoPlist.strings;
			sourceTree = "<group>";
		};
		E49A92421705350400E1409A /* MainStoryboard_iPhone.storyboard */ = {
			isa = PBXVariantGroup;
			children = (
				E49A92431705350400E1409A /* en */,
			);
			name = MainStoryboard_iPhone.storyboard;
			sourceTree = "<group>";
		};
		E49A92451705350400E1409A /* MainStoryboard_iPad.storyboard */ = {
			isa = PBXVariantGroup;
			children = (
				E49A92461705350400E1409A /* en */,
			);
			name = MainStoryboard_iPad.storyboard;
			sourceTree = "<group>";
		};
		E49A925D1705350400E1409A /* InfoPlist.strings */ = {
			isa = PBXVariantGroup;
			children = (
				E49A925E1705350400E1409A /* en */,
			);
			name = InfoPlist.strings;
			sourceTree = "<group>";
		};
/* End PBXVariantGroup section */

/* Begin XCBuildConfiguration section */
		E49A92631705350400E1409A /* Debug */ = {
			isa = XCBuildConfiguration;
			buildSettings = {
				ALWAYS_SEARCH_USER_PATHS = NO;
				CLANG_CXX_LANGUAGE_STANDARD = "gnu++0x";
				CLANG_CXX_LIBRARY = "libc++";
				CLANG_ENABLE_OBJC_ARC = YES;
				CLANG_WARN_CONSTANT_CONVERSION = YES;
				CLANG_WARN_EMPTY_BODY = YES;
				CLANG_WARN_ENUM_CONVERSION = YES;
				CLANG_WARN_INT_CONVERSION = YES;
				CLANG_WARN__DUPLICATE_METHOD_MATCH = YES;
				"CODE_SIGN_IDENTITY[sdk=iphoneos*]" = "iPhone Developer";
				COPY_PHASE_STRIP = NO;
				GCC_C_LANGUAGE_STANDARD = gnu99;
				GCC_DYNAMIC_NO_PIC = NO;
				GCC_OPTIMIZATION_LEVEL = 0;
				GCC_PREPROCESSOR_DEFINITIONS = (
					"DEBUG=1",
					"$(inherited)",
				);
				GCC_SYMBOLS_PRIVATE_EXTERN = NO;
				GCC_WARN_ABOUT_RETURN_TYPE = YES;
				GCC_WARN_UNINITIALIZED_AUTOS = YES;
				GCC_WARN_UNUSED_VARIABLE = YES;
				IPHONEOS_DEPLOYMENT_TARGET = 6.1;
				ONLY_ACTIVE_ARCH = YES;
				SDKROOT = iphoneos;
				TARGETED_DEVICE_FAMILY = "1,2";
			};
			name = Debug;
		};
		E49A92641705350400E1409A /* Release */ = {
			isa = XCBuildConfiguration;
			buildSettings = {
				ALWAYS_SEARCH_USER_PATHS = NO;
				CLANG_CXX_LANGUAGE_STANDARD = "gnu++0x";
				CLANG_CXX_LIBRARY = "libc++";
				CLANG_ENABLE_OBJC_ARC = YES;
				CLANG_WARN_CONSTANT_CONVERSION = YES;
				CLANG_WARN_EMPTY_BODY = YES;
				CLANG_WARN_ENUM_CONVERSION = YES;
				CLANG_WARN_INT_CONVERSION = YES;
				CLANG_WARN__DUPLICATE_METHOD_MATCH = YES;
				"CODE_SIGN_IDENTITY[sdk=iphoneos*]" = "iPhone Developer";
				COPY_PHASE_STRIP = YES;
				GCC_C_LANGUAGE_STANDARD = gnu99;
				GCC_WARN_ABOUT_RETURN_TYPE = YES;
				GCC_WARN_UNINITIALIZED_AUTOS = YES;
				GCC_WARN_UNUSED_VARIABLE = YES;
				IPHONEOS_DEPLOYMENT_TARGET = 6.1;
				OTHER_CFLAGS = "-DNS_BLOCK_ASSERTIONS=1";
				SDKROOT = iphoneos;
				TARGETED_DEVICE_FAMILY = "1,2";
				VALIDATE_PRODUCT = YES;
			};
			name = Release;
		};
		E49A92661705350400E1409A /* Debug */ = {
			isa = XCBuildConfiguration;
			buildSettings = {
				"CODE_SIGN_IDENTITY[sdk=iphoneos*]" = "iPhone Developer: James Mason (6A6Q73U8L6)";
				GCC_PRECOMPILE_PREFIX_HEADER = YES;
				GCC_PREFIX_HEADER = "iGotThis/Fission-Prefix.pch";
				INFOPLIST_FILE = "iGotThis/Fission-Info.plist";
				PRODUCT_NAME = Fission;
				"PROVISIONING_PROFILE[sdk=iphoneos*]" = "844678E7-B7E0-4D7A-A196-680CD5DCB0E9";
				TARGETED_DEVICE_FAMILY = 1;
				WRAPPER_EXTENSION = app;
			};
			name = Debug;
		};
		E49A92671705350400E1409A /* Release */ = {
			isa = XCBuildConfiguration;
			buildSettings = {
				"CODE_SIGN_IDENTITY[sdk=iphoneos*]" = "iPhone Distribution: James Mason (Y3EC579VUK)";
				GCC_PRECOMPILE_PREFIX_HEADER = YES;
				GCC_PREFIX_HEADER = "iGotThis/Fission-Prefix.pch";
				INFOPLIST_FILE = "iGotThis/Fission-Info.plist";
				PRODUCT_NAME = Fission;
				"PROVISIONING_PROFILE[sdk=iphoneos*]" = "E9B3C76F-966A-4305-BE83-0C689DB2C358";
				TARGETED_DEVICE_FAMILY = 1;
				WRAPPER_EXTENSION = app;
			};
			name = Release;
		};
		E49A92691705350400E1409A /* Debug */ = {
			isa = XCBuildConfiguration;
			buildSettings = {
				BUNDLE_LOADER = "$(BUILT_PRODUCTS_DIR)/iGotThis.app/iGotThis";
				FRAMEWORK_SEARCH_PATHS = (
					"\"$(SDKROOT)/Developer/Library/Frameworks\"",
					"\"$(DEVELOPER_LIBRARY_DIR)/Frameworks\"",
				);
				GCC_PRECOMPILE_PREFIX_HEADER = YES;
				GCC_PREFIX_HEADER = "iGotThis/iGotThis-Prefix.pch";
				INFOPLIST_FILE = "iGotThisTests/FissionTests-Info.plist";
				PRODUCT_NAME = FissionTests;
				TEST_HOST = "$(BUNDLE_LOADER)";
				WRAPPER_EXTENSION = octest;
			};
			name = Debug;
		};
		E49A926A1705350400E1409A /* Release */ = {
			isa = XCBuildConfiguration;
			buildSettings = {
				BUNDLE_LOADER = "$(BUILT_PRODUCTS_DIR)/iGotThis.app/iGotThis";
				FRAMEWORK_SEARCH_PATHS = (
					"\"$(SDKROOT)/Developer/Library/Frameworks\"",
					"\"$(DEVELOPER_LIBRARY_DIR)/Frameworks\"",
				);
				GCC_PRECOMPILE_PREFIX_HEADER = YES;
				GCC_PREFIX_HEADER = "iGotThis/iGotThis-Prefix.pch";
				INFOPLIST_FILE = "iGotThisTests/FissionTests-Info.plist";
				PRODUCT_NAME = FissionTests;
				TEST_HOST = "$(BUNDLE_LOADER)";
				WRAPPER_EXTENSION = octest;
			};
			name = Release;
		};
/* End XCBuildConfiguration section */

/* Begin XCConfigurationList section */
		E49A92221705350400E1409A /* Build configuration list for PBXProject "Fission" */ = {
			isa = XCConfigurationList;
			buildConfigurations = (
				E49A92631705350400E1409A /* Debug */,
				E49A92641705350400E1409A /* Release */,
			);
			defaultConfigurationIsVisible = 0;
			defaultConfigurationName = Release;
		};
		E49A92651705350400E1409A /* Build configuration list for PBXNativeTarget "Fission" */ = {
			isa = XCConfigurationList;
			buildConfigurations = (
				E49A92661705350400E1409A /* Debug */,
				E49A92671705350400E1409A /* Release */,
			);
			defaultConfigurationIsVisible = 0;
			defaultConfigurationName = Release;
		};
		E49A92681705350400E1409A /* Build configuration list for PBXNativeTarget "FissionTests" */ = {
			isa = XCConfigurationList;
			buildConfigurations = (
				E49A92691705350400E1409A /* Debug */,
				E49A926A1705350400E1409A /* Release */,
			);
			defaultConfigurationIsVisible = 0;
			defaultConfigurationName = Release;
		};
/* End XCConfigurationList section */
	};
	rootObject = E49A921F1705350400E1409A /* Project object */;
}
